<?xml version="1.0" encoding="utf-8"?>
<Project ToolsVersion="4.0" xmlns="http://schemas.microsoft.com/developer/msbuild/2003">
  <ItemGroup>
    <Filter Include="Source Files">
      <UniqueIdentifier>{4FC737F1-C7A5-4376-A066-2A32D752A2FF}</UniqueIdentifier>
      <Extensions>cpp;c;cc;cxx;c++;cppm;ixx;def;odl;idl;hpj;bat;asm;asmx</Extensions>
    </Filter>
    <Filter Include="Header Files">
      <UniqueIdentifier>{93995380-89BD-4b04-88EB-625FBE52EBFB}</UniqueIdentifier>
      <Extensions>h;hh;hpp;hxx;h++;hm;inl;inc;ipp;xsd</Extensions>
    </Filter>
    <Filter Include="Resource Files">
      <UniqueIdentifier>{67DA6AB6-F800-4c08-8B7A-83BB121AAD01}</UniqueIdentifier>
      <Extensions>rc;ico;cur;bmp;dlg;rc2;rct;bin;rgs;gif;jpg;jpeg;jpe;resx;tiff;tif;png;wav;mfcribbon-ms</Extensions>
    </Filter>
  </ItemGroup>
  <ItemGroup>
    <ClCompile Include="Source\Application.cpp">
      <Filter>Source Files</Filter>
    </ClCompile>
    <ClCompile Include="Source\PersistenceManager.cpp">
      <Filter>Source Files</Filter>
    </ClCompile>
    <ClCompile Include="Source\Action.cpp">
      <Filter>Source Files</Filter>
    </ClCompile>
    <ClCompile Include="Source\ActionButtonBinder.cpp">
      <Filter>Source Files</Filter>
    </ClCompile>
    <ClCompile Include="Source\ButtonSingle.cpp">
      <Filter>Source Files</Filter>
    </ClCompile>
    <ClCompile Include="Source\ButtonCombo.cpp">
      <Filter>Source Files</Filter>
    </ClCompile>
    <ClCompile Include="Notes\Test.cpp">
      <Filter>Source Files</Filter>
    </ClCompile>
  </ItemGroup>
  <ItemGroup>
    <ClInclude Include="Source\IButton.h">
      <Filter>Header Files</Filter>
    </ClInclude>
    <ClInclude Include="Source\ButtonSingle.h">
      <Filter>Header Files</Filter>
    </ClInclude>
    <ClInclude Include="Source\ButtonCombo.h">
      <Filter>Header Files</Filter>
    </ClInclude>
    <ClInclude Include="Source\ActionButtonBinder.h">
      <Filter>Header Files</Filter>
    </ClInclude>
    <ClInclude Include="Source\PersistenceManager.h">
      <Filter>Header Files</Filter>
    </ClInclude>
    <ClInclude Include="Source\Action.h">
      <Filter>Header Files</Filter>
    </ClInclude>
    <ClInclude Include="Source\Exceptions.h">
      <Filter>Header Files</Filter>
    </ClInclude>
    <ClInclude Include="Source\SharedTypes.h">
      <Filter>Header Files</Filter>
    </ClInclude>
    <ClInclude Include="Source\Bases.h">
      <Filter>Header Files</Filter>
    </ClInclude>
  </ItemGroup>
  <ItemGroup>
    <Text Include="Notes\Notes.txt" />
    <Text Include="Resource\strBaseUM.txt" />
    <Text Include="Resource\strBaseIC.txt" />
  </ItemGroup>
  <ItemGroup>
    <Xml Include="Resource\BaseIC.xml" />
    <Xml Include="Resource\BaseUM.xml" />
  </ItemGroup>
  <ItemGroup>
    <None Include="Scripts\CreateBaseXMLStringCode.bat">
      <Filter>Source Files</Filter>
    </None>
    <None Include="Scripts\CopyDLL.bat">
      <Filter>Source Files</Filter>
    </None>
  </ItemGroup>
</Project>